{
  "nodes": {
    "allow-domains": {
      "flake": false,
      "locked": {
        "lastModified": 1783938883,
        "narHash": "sha256-9GHEkVVotC2QOjWamc3B1WWaJG8QZDsKlvzjtgLbeZE=",
        "owner": "itdoginfo",
        "repo": "allow-domains",
        "rev": "5c285ec3a2bbfe26f53941193ecfe4607bbc6b0b",
        "type": "github"
      },
      "original": {
        "owner": "itdoginfo",
        "repo": "allow-domains",
        "type": "github"
      }
    },
    "dlc": {
      "flake": false,
      "locked": {
        "lastModified": 1784258715,
        "narHash": "sha256-kq2oBEthmGN19YW0djbQMGtPw4Yj9bn148QEUGYeAiE=",
        "owner": "v2fly",
        "repo": "domain-list-community",
        "rev": "1ca72d5ee9849407ff7e565c0494bdc9fb51e16e",
        "type": "github"
      },
      "original": {
        "owner": "v2fly",
        "repo": "domain-list-community",
        "type": "github"
      }
    },
    "flake-parts": {
      "inputs": {
        "nixpkgs-lib": "nixpkgs-lib"
      },
      "locked": {
        "lastModified": 1782949081,
        "narHash": "sha256-vp6Y/Grm98ESt6ceOkWiHWyZRDV3J1RID4w+6NWK9yA=",
        "owner": "hercules-ci",
        "repo": "flake-parts",
        "rev": "17c9d6cdfc60c64f4ee8d306f9bc0b4ccb51481e",
        "type": "github"
      },
      "original": {
        "owner": "hercules-ci",
        "repo": "flake-parts",
        "type": "github"
      }
    },
    "nixpkgs": {
      "locked": {
        "lastModified": 1784356753,
        "narHash": "sha256-12KrbMiWLcf8m7pCvAtZh1ZrgF85ZXDXvfR/fWTKy84=",
        "owner": "NixOS",
        "repo": "nixpkgs",
        "rev": "61b7c44c4073f0b827768aff0049561b5110ea5a",
        "type": "github"
      },
      "original": {
        "owner": "NixOS",
        "ref": "nixos-unstable",
        "repo": "nixpkgs",
        "type": "github"
      }
    },
    "nixpkgs-lib": {
      "locked": {
        "lastModified": 1782614948,
        "narHash": "sha256-ePjCwr1sNm9NYUqywL7QfK3JnlS015msC+eBu2zKlp8=",
        "owner": "nix-community",
        "repo": "nixpkgs.lib",
        "rev": "db3f255737b94216eb71cce308e2912cf6bc2d7c",
        "type": "github"
      },
      "original": {
        "owner": "nix-community",
        "repo": "nixpkgs.lib",
        "type": "github"
      }
    },
    "root": {
      "inputs": {
        "allow-domains": "allow-domains",
        "dlc": "dlc",
        "flake-parts": "flake-parts",
        "nixpkgs": "nixpkgs"
      }
    }
  },
  "root": "root",
  "version": 7
}
