{
  "nodes": {
    "allow-domains": {
      "flake": false,
      "locked": {
        "lastModified": 1783338207,
        "narHash": "sha256-8u2VKRIvcWTLcghpTWZkwSAYcWwthTqOycBj+GfHKGE=",
        "owner": "itdoginfo",
        "repo": "allow-domains",
        "rev": "8d45624fdd6b09113a93835f1f69a458a83cd911",
        "type": "github"
      },
      "original": {
        "owner": "itdoginfo",
        "repo": "allow-domains",
        "type": "github"
      }
    },
    "dlc": {
      "flake": false,
      "locked": {
        "lastModified": 1783766082,
        "narHash": "sha256-sQhP8tiv6uAXMQh9RqJoWvmD1dRmxFg4qq8d16CkHeI=",
        "owner": "v2fly",
        "repo": "domain-list-community",
        "rev": "b29572d5ad01fea44a6238b17901c7d05d0647a9",
        "type": "github"
      },
      "original": {
        "owner": "v2fly",
        "repo": "domain-list-community",
        "type": "github"
      }
    },
    "flake-parts": {
      "inputs": {
        "nixpkgs-lib": "nixpkgs-lib"
      },
      "locked": {
        "lastModified": 1782949081,
        "narHash": "sha256-vp6Y/Grm98ESt6ceOkWiHWyZRDV3J1RID4w+6NWK9yA=",
        "owner": "hercules-ci",
        "repo": "flake-parts",
        "rev": "17c9d6cdfc60c64f4ee8d306f9bc0b4ccb51481e",
        "type": "github"
      },
      "original": {
        "owner": "hercules-ci",
        "repo": "flake-parts",
        "type": "github"
      }
    },
    "nixpkgs": {
      "locked": {
        "lastModified": 1783776592,
        "narHash": "sha256-UgCQzxeWI75XM8G+hPrPh+MKzEPjG3SpAj7dtqSbksA=",
        "owner": "NixOS",
        "repo": "nixpkgs",
        "rev": "e7a3ca8092b61ff85b6a45bf863ea2b2d6a661b3",
        "type": "github"
      },
      "original": {
        "owner": "NixOS",
        "ref": "nixos-unstable",
        "repo": "nixpkgs",
        "type": "github"
      }
    },
    "nixpkgs-lib": {
      "locked": {
        "lastModified": 1782614948,
        "narHash": "sha256-ePjCwr1sNm9NYUqywL7QfK3JnlS015msC+eBu2zKlp8=",
        "owner": "nix-community",
        "repo": "nixpkgs.lib",
        "rev": "db3f255737b94216eb71cce308e2912cf6bc2d7c",
        "type": "github"
      },
      "original": {
        "owner": "nix-community",
        "repo": "nixpkgs.lib",
        "type": "github"
      }
    },
    "root": {
      "inputs": {
        "allow-domains": "allow-domains",
        "dlc": "dlc",
        "flake-parts": "flake-parts",
        "nixpkgs": "nixpkgs"
      }
    }
  },
  "root": "root",
  "version": 7
}
