{
  "nodes": {
    "allow-domains": {
      "flake": false,
      "locked": {
        "lastModified": 1787558649,
        "narHash": "sha256-6pVnrkPTmMqKXwntlcTF6IpSym/SHp+0rUUSrGbjqDg=",
        "owner": "itdoginfo",
        "repo": "allow-domains",
        "rev": "c0376e54d78a606c09d6eafad6dd792964edaead",
        "type": "github"
      },
      "original": {
        "owner": "itdoginfo",
        "repo": "allow-domains",
        "type": "github"
      }
    },
    "dlc": {
      "flake": false,
      "locked": {
        "lastModified": 1787844045,
        "narHash": "sha256-3Ytb0JuEckPo9VHf+Thc5DAqLVlRvLET8SlpdaDPHbY=",
        "owner": "v2fly",
        "repo": "domain-list-community",
        "rev": "06111d32139e3497a20fded97ca2b4424ad87e60",
        "type": "github"
      },
      "original": {
        "owner": "v2fly",
        "repo": "domain-list-community",
        "type": "github"
      }
    },
    "flake-parts": {
      "inputs": {
        "nixpkgs-lib": "nixpkgs-lib"
      },
      "locked": {
        "lastModified": 1787559586,
        "narHash": "sha256-onL0VLf9vPllmT0H/OlURIU5r5t5WIEl7t4tVNKT0Nw=",
        "owner": "hercules-ci",
        "repo": "flake-parts",
        "rev": "9d0d87172c374f89da73c1cfe6d81ae62feac1f1",
        "type": "github"
      },
      "original": {
        "owner": "hercules-ci",
        "repo": "flake-parts",
        "type": "github"
      }
    },
    "nixpkgs": {
      "locked": {
        "lastModified": 1787900134,
        "narHash": "sha256-VYXO0XZlgj06dxJZRhrD3WoSsvq/c7+/Akyoa22pefw=",
        "owner": "NixOS",
        "repo": "nixpkgs",
        "rev": "83199d0d373dd3ac2b9a1996b1d0263f76ab7a4c",
        "type": "github"
      },
      "original": {
        "owner": "NixOS",
        "ref": "nixos-unstable",
        "repo": "nixpkgs",
        "type": "github"
      }
    },
    "nixpkgs-lib": {
      "locked": {
        "lastModified": 1785031560,
        "narHash": "sha256-OmshNvn2vupOFpYinLUu+1Dnpu4n7Q5N3ggGVNHpkUI=",
        "owner": "nix-community",
        "repo": "nixpkgs.lib",
        "rev": "0e79af5e3d4dcfcd676ab5ba3f95d2e3352e078c",
        "type": "github"
      },
      "original": {
        "owner": "nix-community",
        "repo": "nixpkgs.lib",
        "type": "github"
      }
    },
    "root": {
      "inputs": {
        "allow-domains": "allow-domains",
        "dlc": "dlc",
        "flake-parts": "flake-parts",
        "nixpkgs": "nixpkgs"
      }
    }
  },
  "root": "root",
  "version": 7
}
